
Microsoft Visual Studio Solution File, Format Version 12.00
# Visual Studio Version 16
VisualStudioVersion = 16.0.30611.23
MinimumVisualStudioVersion = 10.0.40219.1
Project("{9A19103F-16F7-4668-BE54-9A1E7A4F7556}") = "asp", "asp\asp.csproj", "{59490139-B79A-48A8-B224-50971B7F1184}"
EndProject
Project("{FAE04EC0-301F-11D3-BF4B-00C04F79EFBC}") = "aspshop", "aspshop\aspshop.csproj", "{18B5F113-D518-40C0-BF90-832563E86A40}"
EndProject
Global
	GlobalSection(SolutionConfigurationPlatforms) = preSolution
		Debug|Any CPU = Debug|Any CPU
		Release|Any CPU = Release|Any CPU
	EndGlobalSection
	GlobalSection(ProjectConfigurationPlatforms) = postSolution
		{59490139-B79A-48A8-B224-50971B7F1184}.Debug|Any CPU.ActiveCfg = Debug|Any CPU
		{59490139-B79A-48A8-B224-50971B7F1184}.Debug|Any CPU.Build.0 = Debug|Any CPU
		{59490139-B79A-48A8-B224-50971B7F1184}.Release|Any CPU.ActiveCfg = Release|Any CPU
		{59490139-B79A-48A8-B224-50971B7F1184}.Release|Any CPU.Build.0 = Release|Any CPU
		{18B5F113-D518-40C0-BF90-832563E86A40}.Debug|Any CPU.ActiveCfg = Debug|Any CPU
		{18B5F113-D518-40C0-BF90-832563E86A40}.Debug|Any CPU.Build.0 = Debug|Any CPU
		{18B5F113-D518-40C0-BF90-832563E86A40}.Release|Any CPU.ActiveCfg = Release|Any CPU
		{18B5F113-D518-40C0-BF90-832563E86A40}.Release|Any CPU.Build.0 = Release|Any CPU
	EndGlobalSection
	GlobalSection(SolutionProperties) = preSolution
		HideSolutionNode = FALSE
	EndGlobalSection
	GlobalSection(ExtensibilityGlobals) = postSolution
		SolutionGuid = {2FD0EE51-F1CD-4AA6-AD4D-36A00BE59F35}
	EndGlobalSection
EndGlobal
